
Microsoft Visual Studio Solution File, Format Version 12.00
# Visual Studio Express 15 for Windows Desktop
VisualStudioVersion = 15.0.28307.757
MinimumVisualStudioVersion = 10.0.40219.1
Project("{FAE04EC0-301F-11D3-BF4B-00C04F79EFBC}") = "GameOfLife", "GameOfLife\GameOfLife.csproj", "{FA6C1DF6-C8E5-4D84-BCE0-3AA048BAE5CB}"
EndProject
Global
	GlobalSection(SolutionConfigurationPlatforms) = preSolution
		Debug|Any CPU = Debug|Any CPU
		Release|Any CPU = Release|Any CPU
	EndGlobalSection
	GlobalSection(ProjectConfigurationPlatforms) = postSolution
		{FA6C1DF6-C8E5-4D84-BCE0-3AA048BAE5CB}.Debug|Any CPU.ActiveCfg = Debug|Any CPU
		{FA6C1DF6-C8E5-4D84-BCE0-3AA048BAE5CB}.Debug|Any CPU.Build.0 = Debug|Any CPU
		{FA6C1DF6-C8E5-4D84-BCE0-3AA048BAE5CB}.Release|Any CPU.ActiveCfg = Release|Any CPU
		{FA6C1DF6-C8E5-4D84-BCE0-3AA048BAE5CB}.Release|Any CPU.Build.0 = Release|Any CPU
	EndGlobalSection
	GlobalSection(SolutionProperties) = preSolution
		HideSolutionNode = FALSE
	EndGlobalSection
	GlobalSection(ExtensibilityGlobals) = postSolution
		SolutionGuid = {83329017-2373-4D47-A7EA-ECC384088B19}
	EndGlobalSection
EndGlobal
